
Microsoft Visual Studio Solution File, Format Version 12.00
# Visual Studio 15
VisualStudioVersion = 15.0.28010.2046
MinimumVisualStudioVersion = 10.0.40219.1
Project("{9A19103F-16F7-4668-BE54-9A1E7A4F7556}") = "ShoppingCartEF", "ShoppingCartEF\ShoppingCartEF.csproj", "{858BEEF1-32CB-4F80-9C84-A1F8CCADD6E2}"
EndProject
Project("{2150E333-8FDC-42A3-9474-1A3956D46DE8}") = "Solution Items", "Solution Items", "{30057FF3-8FC5-444C-8BBA-5896BD449A28}"
	ProjectSection(SolutionItems) = preProject
		DatabaseSQL\CreateDatabaseQuery.sql = DatabaseSQL\CreateDatabaseQuery.sql
	EndProjectSection
EndProject
Global
	GlobalSection(SolutionConfigurationPlatforms) = preSolution
		Debug|Any CPU = Debug|Any CPU
		Release|Any CPU = Release|Any CPU
	EndGlobalSection
	GlobalSection(ProjectConfigurationPlatforms) = postSolution
		{858BEEF1-32CB-4F80-9C84-A1F8CCADD6E2}.Debug|Any CPU.ActiveCfg = Debug|Any CPU
		{858BEEF1-32CB-4F80-9C84-A1F8CCADD6E2}.Debug|Any CPU.Build.0 = Debug|Any CPU
		{858BEEF1-32CB-4F80-9C84-A1F8CCADD6E2}.Release|Any CPU.ActiveCfg = Release|Any CPU
		{858BEEF1-32CB-4F80-9C84-A1F8CCADD6E2}.Release|Any CPU.Build.0 = Release|Any CPU
	EndGlobalSection
	GlobalSection(SolutionProperties) = preSolution
		HideSolutionNode = FALSE
	EndGlobalSection
	GlobalSection(ExtensibilityGlobals) = postSolution
		SolutionGuid = {D94B2F4F-DCFE-4A5B-8F64-AA5C5FF26A63}
	EndGlobalSection
EndGlobal
